
Microsoft Visual Studio Solution File, Format Version 12.00
# Visual Studio 15
VisualStudioVersion = 15.0.27428.2015
MinimumVisualStudioVersion = 10.0.40219.1
Project("{FAE04EC0-301F-11D3-BF4B-00C04F79EFBC}") = "ListaPesama_SignalRClient", "ListaPesama_SignalRClient\ListaPesama_SignalRClient.csproj", "{00493D96-978D-4095-ADF0-29B8FB32FA1B}"
EndProject
Global
	GlobalSection(SolutionConfigurationPlatforms) = preSolution
		Debug|Any CPU = Debug|Any CPU
		Release|Any CPU = Release|Any CPU
	EndGlobalSection
	GlobalSection(ProjectConfigurationPlatforms) = postSolution
		{00493D96-978D-4095-ADF0-29B8FB32FA1B}.Debug|Any CPU.ActiveCfg = Debug|Any CPU
		{00493D96-978D-4095-ADF0-29B8FB32FA1B}.Debug|Any CPU.Build.0 = Debug|Any CPU
		{00493D96-978D-4095-ADF0-29B8FB32FA1B}.Debug|Any CPU.Deploy.0 = Debug|Any CPU
		{00493D96-978D-4095-ADF0-29B8FB32FA1B}.Release|Any CPU.ActiveCfg = Release|Any CPU
		{00493D96-978D-4095-ADF0-29B8FB32FA1B}.Release|Any CPU.Build.0 = Release|Any CPU
		{00493D96-978D-4095-ADF0-29B8FB32FA1B}.Release|Any CPU.Deploy.0 = Release|Any CPU
	EndGlobalSection
	GlobalSection(SolutionProperties) = preSolution
		HideSolutionNode = FALSE
	EndGlobalSection
	GlobalSection(ExtensibilityGlobals) = postSolution
		SolutionGuid = {2A52A565-2751-48AF-AEFF-3F3769DFD326}
	EndGlobalSection
EndGlobal
